<?xml version="1.0" encoding="utf-8"?>
<Project ToolsVersion="4.0" xmlns="http://schemas.microsoft.com/developer/msbuild/2003">
  <ItemGroup>
    <Filter Include="Source Files">
      <UniqueIdentifier>{4FC737F1-C7A5-4376-A066-2A32D752A2FF}</UniqueIdentifier>
      <Extensions>cpp;c;cc;cxx;def;odl;idl;hpj;bat;asm;asmx</Extensions>
    </Filter>
    <Filter Include="Header Files">
      <UniqueIdentifier>{93995380-89BD-4b04-88EB-625FBE52EBFB}</UniqueIdentifier>
      <Extensions>h;hpp;hxx;hm;inl;inc;xsd</Extensions>
    </Filter>
    <Filter Include="Resource Files">
      <UniqueIdentifier>{67DA6AB6-F800-4c08-8B7A-83BB121AAD01}</UniqueIdentifier>
      <Extensions>rc;ico;cur;bmp;dlg;rc2;rct;bin;rgs;gif;jpg;jpeg;jpe;resx;tiff;tif;png;wav</Extensions>
    </Filter>
    <Filter Include="lib">
      <UniqueIdentifier>{b6b08261-3969-43f0-957e-a340b7690455}</UniqueIdentifier>
    </Filter>
  </ItemGroup>
  <ItemGroup>
    <ClCompile Include="AnalysedDlg.cpp">
      <Filter>Source Files</Filter>
    </ClCompile>
    <ClCompile Include="DlgImperfection.cpp">
      <Filter>Source Files</Filter>
    </ClCompile>
    <ClCompile Include="FemCon.cpp">
      <Filter>Source Files</Filter>
    </ClCompile>
    <ClCompile Include="FemConDlg.cpp">
      <Filter>Source Files</Filter>
    </ClCompile>
    <ClCompile Include="FinishDlg.cpp">
      <Filter>Source Files</Filter>
    </ClCompile>
    <ClCompile Include="GeneralDynAnOpt.cpp">
      <Filter>Source Files</Filter>
    </ClCompile>
    <ClCompile Include="GeneralOptionsDlg.cpp">
      <Filter>Source Files</Filter>
    </ClCompile>
    <ClCompile Include="GeneralOptIterMethod.cpp">
      <Filter>Source Files</Filter>
    </ClCompile>
    <ClCompile Include="GeneralOptTimePeriods.cpp">
      <Filter>Source Files</Filter>
    </ClCompile>
    <ClCompile Include="HConnection.cpp">
      <Filter>Source Files</Filter>
    </ClCompile>
    <ClCompile Include="HConntactSegment.cpp">
      <Filter>Source Files</Filter>
    </ClCompile>
    <ClCompile Include="HConstraints.cpp">
      <Filter>Source Files</Filter>
    </ClCompile>
    <ClCompile Include="HCProperties.cpp">
      <Filter>Source Files</Filter>
    </ClCompile>
    <ClCompile Include="HDataBlock.cpp">
      <Filter>Source Files</Filter>
    </ClCompile>
    <ClCompile Include="HElement.cpp">
      <Filter>Source Files</Filter>
    </ClCompile>
    <ClCompile Include="HFunctions.cpp">
      <Filter>Source Files</Filter>
    </ClCompile>
    <ClCompile Include="HLoads.cpp">
      <Filter>Source Files</Filter>
    </ClCompile>
    <ClCompile Include="HMaterial.cpp">
      <Filter>Source Files</Filter>
    </ClCompile>
    <ClCompile Include="HNodes.cpp">
      <Filter>Source Files</Filter>
    </ClCompile>
    <ClCompile Include="HProperties.cpp">
      <Filter>Source Files</Filter>
    </ClCompile>
    <ClCompile Include="MaterialDLG.cpp">
      <Filter>Source Files</Filter>
    </ClCompile>
    <ClCompile Include="ModelData.cpp">
      <Filter>Source Files</Filter>
    </ClCompile>
    <ClCompile Include="PAKEExp.cpp">
      <Filter>Source Files</Filter>
    </ClCompile>
    <ClCompile Include="PAKExp.cpp">
      <Filter>Source Files</Filter>
    </ClCompile>
    <ClCompile Include="PakExpOpt.cpp">
      <Filter>Source Files</Filter>
    </ClCompile>
    <ClCompile Include="PAKFExp.cpp">
      <Filter>Source Files</Filter>
    </ClCompile>
    <ClCompile Include="PAKFOptions.cpp">
      <Filter>Source Files</Filter>
    </ClCompile>
    <ClCompile Include="PAKMExp.cpp">
      <Filter>Source Files</Filter>
    </ClCompile>
    <ClCompile Include="PakOptValues.cpp">
      <Filter>Source Files</Filter>
    </ClCompile>
    <ClCompile Include="PAKPExp.cpp">
      <Filter>Source Files</Filter>
    </ClCompile>
    <ClCompile Include="PAKString.cpp">
      <Filter>Source Files</Filter>
    </ClCompile>
    <ClCompile Include="PAKTExp.cpp">
      <Filter>Source Files</Filter>
    </ClCompile>
    <ClCompile Include="PAKTOptions.cpp">
      <Filter>Source Files</Filter>
    </ClCompile>
    <ClCompile Include="SBeamOptions.cpp">
      <Filter>Source Files</Filter>
    </ClCompile>
    <ClCompile Include="SendKeys.cpp">
      <Filter>Source Files</Filter>
    </ClCompile>
    <ClCompile Include="stdafx.cpp">
      <Filter>Source Files</Filter>
    </ClCompile>
    <ClCompile Include="TranslateDlg.cpp">
      <Filter>Source Files</Filter>
    </ClCompile>
    <ClCompile Include="UNVImp.cpp">
      <Filter>Source Files</Filter>
    </ClCompile>
    <ClCompile Include="PAKPTExp.cpp">
      <Filter>Source Files</Filter>
    </ClCompile>
  </ItemGroup>
  <ItemGroup>
    <ClInclude Include="AnalysedDlg.h">
      <Filter>Header Files</Filter>
    </ClInclude>
    <ClInclude Include="BlockIDs.h">
      <Filter>Header Files</Filter>
    </ClInclude>
    <ClInclude Include="DlgImperfection.h">
      <Filter>Header Files</Filter>
    </ClInclude>
    <ClInclude Include="FemCon.h">
      <Filter>Header Files</Filter>
    </ClInclude>
    <ClInclude Include="FemConDlg.h">
      <Filter>Header Files</Filter>
    </ClInclude>
    <ClInclude Include="FileIO.h">
      <Filter>Header Files</Filter>
    </ClInclude>
    <ClInclude Include="FinishDlg.h">
      <Filter>Header Files</Filter>
    </ClInclude>
    <ClInclude Include="GeneralDynAnOpt.h">
      <Filter>Header Files</Filter>
    </ClInclude>
    <ClInclude Include="GeneralOptionsDlg.h">
      <Filter>Header Files</Filter>
    </ClInclude>
    <ClInclude Include="GeneralOptIterMethod.h">
      <Filter>Header Files</Filter>
    </ClInclude>
    <ClInclude Include="GeneralOptTimePeriods.h">
      <Filter>Header Files</Filter>
    </ClInclude>
    <ClInclude Include="HConnection.h">
      <Filter>Header Files</Filter>
    </ClInclude>
    <ClInclude Include="HConstraints.h">
      <Filter>Header Files</Filter>
    </ClInclude>
    <ClInclude Include="HContactSegment.h">
      <Filter>Header Files</Filter>
    </ClInclude>
    <ClInclude Include="HCProperties.h">
      <Filter>Header Files</Filter>
    </ClInclude>
    <ClInclude Include="HDataBlock.h">
      <Filter>Header Files</Filter>
    </ClInclude>
    <ClInclude Include="HElement.h">
      <Filter>Header Files</Filter>
    </ClInclude>
    <ClInclude Include="HFunctions.h">
      <Filter>Header Files</Filter>
    </ClInclude>
    <ClInclude Include="HLoads.h">
      <Filter>Header Files</Filter>
    </ClInclude>
    <ClInclude Include="HMaterial.h">
      <Filter>Header Files</Filter>
    </ClInclude>
    <ClInclude Include="HNodes.h">
      <Filter>Header Files</Filter>
    </ClInclude>
    <ClInclude Include="HProperties.h">
      <Filter>Header Files</Filter>
    </ClInclude>
    <ClInclude Include="MaterialDLG.h">
      <Filter>Header Files</Filter>
    </ClInclude>
    <ClInclude Include="ModelData.h">
      <Filter>Header Files</Filter>
    </ClInclude>
    <ClInclude Include="PAKEExp.h">
      <Filter>Header Files</Filter>
    </ClInclude>
    <ClInclude Include="PAKExp.h">
      <Filter>Header Files</Filter>
    </ClInclude>
    <ClInclude Include="PakExpOpt.h">
      <Filter>Header Files</Filter>
    </ClInclude>
    <ClInclude Include="PAKFExp.h">
      <Filter>Header Files</Filter>
    </ClInclude>
    <ClInclude Include="PAKFOptions.h">
      <Filter>Header Files</Filter>
    </ClInclude>
    <ClInclude Include="PAKMExp.h">
      <Filter>Header Files</Filter>
    </ClInclude>
    <ClInclude Include="PakOptValues.h">
      <Filter>Header Files</Filter>
    </ClInclude>
    <ClInclude Include="PAKPExp.h">
      <Filter>Header Files</Filter>
    </ClInclude>
    <ClInclude Include="PAKString.h">
      <Filter>Header Files</Filter>
    </ClInclude>
    <ClInclude Include="PAKTExp.h">
      <Filter>Header Files</Filter>
    </ClInclude>
    <ClInclude Include="PAKTOptions.h">
      <Filter>Header Files</Filter>
    </ClInclude>
    <ClInclude Include="SBeamOptions.h">
      <Filter>Header Files</Filter>
    </ClInclude>
    <ClInclude Include="SendKeys.h">
      <Filter>Header Files</Filter>
    </ClInclude>
    <ClInclude Include="stdafx.h">
      <Filter>Header Files</Filter>
    </ClInclude>
    <ClInclude Include="targetver.h">
      <Filter>Header Files</Filter>
    </ClInclude>
    <ClInclude Include="TranslateDlg.h">
      <Filter>Header Files</Filter>
    </ClInclude>
    <ClInclude Include="Resource.h">
      <Filter>lib</Filter>
    </ClInclude>
  </ItemGroup>
  <ItemGroup>
    <ResourceCompile Include="FemCon.rc">
      <Filter>Header Files</Filter>
    </ResourceCompile>
  </ItemGroup>
  <ItemGroup>
    <Image Include="res\FemCon.ico">
      <Filter>Resource Files</Filter>
    </Image>
  </ItemGroup>
  <ItemGroup>
    <None Include="res\FemCon.rc2">
      <Filter>Resource Files</Filter>
    </None>
  </ItemGroup>
  <ItemGroup>
    <Text Include="ReadMe.txt" />
  </ItemGroup>
</Project>